
Microsoft Visual Studio Solution File, Format Version 12.00
# Visual Studio 2012
Project("{888888A0-9F3D-457C-B088-3A5042F75D52}") = "Arduino-Xbee-Programmer", "Arduino-Xbee-Programmer.pyproj", "{587E59B2-C847-4C6B-8135-631CD24F4DDB}"
EndProject
Global
	GlobalSection(SolutionConfigurationPlatforms) = preSolution
		Debug|Any CPU = Debug|Any CPU
		Release|Any CPU = Release|Any CPU
	EndGlobalSection
	GlobalSection(ProjectConfigurationPlatforms) = postSolution
		{587E59B2-C847-4C6B-8135-631CD24F4DDB}.Debug|Any CPU.ActiveCfg = Debug|Any CPU
		{587E59B2-C847-4C6B-8135-631CD24F4DDB}.Debug|Any CPU.Build.0 = Debug|Any CPU
		{587E59B2-C847-4C6B-8135-631CD24F4DDB}.Release|Any CPU.ActiveCfg = Release|Any CPU
		{587E59B2-C847-4C6B-8135-631CD24F4DDB}.Release|Any CPU.Build.0 = Release|Any CPU
	EndGlobalSection
	GlobalSection(SolutionProperties) = preSolution
		HideSolutionNode = FALSE
	EndGlobalSection
EndGlobal
